// !$*UTF8*$!
{
	archiveVersion = 1;
	classes = {
	};
	objectVersion = 70;
	objects = {

/* Begin PBXBuildFile section */
		BF3AF98A29BDE9A400D7EB5A /* GitStatusMenuItem.swift in Sources */ = {isa = PBXBuildFile; fileRef = BF3AF98929BDE9A400D7EB5A /* GitStatusMenuItem.swift */; };
		BF3AF98C29BE493F00D7EB5A /* baywatch.swift in Sources */ = {isa = PBXBuildFile; fileRef = BF3AF98B29BE493F00D7EB5A /* baywatch.swift */; };
		BF3AF98F29BE8DC400D7EB5A /* ClientConfig.swift in Sources */ = {isa = PBXBuildFile; fileRef = BF3AF98E29BE8DC400D7EB5A /* ClientConfig.swift */; };
		BF5C23F329BBBA3C009526E9 /* dotfiles.swift in Sources */ = {isa = PBXBuildFile; fileRef = BF5C23F229BBBA3C009526E9 /* dotfiles.swift */; };
		BF8DD8E629BA71320061EF01 /* AppDelegate.swift in Sources */ = {isa = PBXBuildFile; fileRef = BF8DD8E529BA71320061EF01 /* AppDelegate.swift */; };
		BF8DD8E829BA71320061EF01 /* ViewController.swift in Sources */ = {isa = PBXBuildFile; fileRef = BF8DD8E729BA71320061EF01 /* ViewController.swift */; };
		BF8DD8EA29BA71390061EF01 /* Assets.xcassets in Resources */ = {isa = PBXBuildFile; fileRef = BF8DD8E929BA71390061EF01 /* Assets.xcassets */; };
		BF8DD8F729BA74040061EF01 /* main.swift in Sources */ = {isa = PBXBuildFile; fileRef = BF8DD8F629BA74040061EF01 /* main.swift */; };
		BF8DD8F929BA86A30061EF01 /* logo.png in Resources */ = {isa = PBXBuildFile; fileRef = BF8DD8F829BA86A30061EF01 /* logo.png */; };
		BF8DD8FC29BAA8750061EF01 /* Yams in Frameworks */ = {isa = PBXBuildFile; productRef = BF8DD8FB29BAA8750061EF01 /* Yams */; };
		BFC45CC729CF2E9A000A109B /* GitCloneMenuItem.swift in Sources */ = {isa = PBXBuildFile; fileRef = BFC45CC629CF2E9A000A109B /* GitCloneMenuItem.swift */; };
		BFC45CCA29CF2EC9000A109B /* GitMenuItem.swift in Sources */ = {isa = PBXBuildFile; fileRef = BFC45CC929CF2EC9000A109B /* GitMenuItem.swift */; };
		BFCF9D5929CE812F00364251 /* BaywatchMenu.swift in Sources */ = {isa = PBXBuildFile; fileRef = BFCF9D5829CE812F00364251 /* BaywatchMenu.swift */; };
		BFE3930329CF677E00A9A3E3 /* ClientMenuItem.swift in Sources */ = {isa = PBXBuildFile; fileRef = BFE3930229CF677E00A9A3E3 /* ClientMenuItem.swift */; };
		D91D2E662C98E6C000D95814 /* SettingsWindow.swift in Sources */ = {isa = PBXBuildFile; fileRef = D91D2E652C98E6C000D95814 /* SettingsWindow.swift */; };
		D91ECEC02CD1AD6A0098F2AB /* KeyboardShortcuts in Frameworks */ = {isa = PBXBuildFile; productRef = D91ECEBF2CD1AD6A0098F2AB /* KeyboardShortcuts */; };
		D938EE2B2CD980D500829476 /* SelectTerminalView.swift in Sources */ = {isa = PBXBuildFile; fileRef = D938EE2A2CD980C000829476 /* SelectTerminalView.swift */; };
		D938EE2D2CD980F900829476 /* EnableColoredTopBarIconView.swift in Sources */ = {isa = PBXBuildFile; fileRef = D938EE2C2CD980EB00829476 /* EnableColoredTopBarIconView.swift */; };
		D938EE2F2CD9811300829476 /* ResetSettingsView.swift in Sources */ = {isa = PBXBuildFile; fileRef = D938EE2E2CD9810B00829476 /* ResetSettingsView.swift */; };
		D938EE312CD9813100829476 /* SelectBaywatchDotfilePathView.swift in Sources */ = {isa = PBXBuildFile; fileRef = D938EE302CD9812400829476 /* SelectBaywatchDotfilePathView.swift */; };
		D938EE362CDBCA1900829476 /* DefaultMenu.swift in Sources */ = {isa = PBXBuildFile; fileRef = D938EE352CDBCA1100829476 /* DefaultMenu.swift */; };
		D99898A02C97973B008E10A8 /* ClientSearchView.swift in Sources */ = {isa = PBXBuildFile; fileRef = D998989F2C97973B008E10A8 /* ClientSearchView.swift */; };
		D99898A22C97A3E2008E10A8 /* ClientSearchMenuItem.swift in Sources */ = {isa = PBXBuildFile; fileRef = D99898A12C97A3E2008E10A8 /* ClientSearchMenuItem.swift */; };
/* End PBXBuildFile section */

/* Begin PBXFileReference section */
		BF3AF98929BDE9A400D7EB5A /* GitStatusMenuItem.swift */ = {isa = PBXFileReference; lastKnownFileType = sourcecode.swift; path = GitStatusMenuItem.swift; sourceTree = "<group>"; };
		BF3AF98B29BE493F00D7EB5A /* baywatch.swift */ = {isa = PBXFileReference; lastKnownFileType = sourcecode.swift; path = baywatch.swift; sourceTree = "<group>"; };
		BF3AF98E29BE8DC400D7EB5A /* ClientConfig.swift */ = {isa = PBXFileReference; lastKnownFileType = sourcecode.swift; path = ClientConfig.swift; sourceTree = "<group>"; };
		BF3AF99229BEA03300D7EB5A /* en */ = {isa = PBXFileReference; lastKnownFileType = text.plist.xml; name = en; path = en.lproj/Info.plist; sourceTree = "<group>"; };
		BF5C23F229BBBA3C009526E9 /* dotfiles.swift */ = {isa = PBXFileReference; lastKnownFileType = sourcecode.swift; path = dotfiles.swift; sourceTree = "<group>"; };
		BF60225629C7659100B563D7 /* README.md */ = {isa = PBXFileReference; lastKnownFileType = net.daringfireball.markdown; path = README.md; sourceTree = "<group>"; };
		BF60225829C76AF800B563D7 /* demo.png */ = {isa = PBXFileReference; lastKnownFileType = image.png; path = demo.png; sourceTree = "<group>"; };
		BF60225929C76C9A00B563D7 /* logo.png */ = {isa = PBXFileReference; lastKnownFileType = image.png; path = logo.png; sourceTree = "<group>"; };
		BF60225B29C76FEE00B563D7 /* allow_execution.png */ = {isa = PBXFileReference; lastKnownFileType = image.png; path = allow_execution.png; sourceTree = "<group>"; };
		BF8DD8E229BA71320061EF01 /* baywatch.dev.app */ = {isa = PBXFileReference; explicitFileType = wrapper.application; includeInIndex = 0; path = baywatch.dev.app; sourceTree = BUILT_PRODUCTS_DIR; };
		BF8DD8E529BA71320061EF01 /* AppDelegate.swift */ = {isa = PBXFileReference; lastKnownFileType = sourcecode.swift; path = AppDelegate.swift; sourceTree = "<group>"; };
		BF8DD8E729BA71320061EF01 /* ViewController.swift */ = {isa = PBXFileReference; lastKnownFileType = sourcecode.swift; path = ViewController.swift; sourceTree = "<group>"; };
		BF8DD8E929BA71390061EF01 /* Assets.xcassets */ = {isa = PBXFileReference; lastKnownFileType = folder.assetcatalog; path = Assets.xcassets; sourceTree = "<group>"; };
		BF8DD8EE29BA71390061EF01 /* baywatch_app.entitlements */ = {isa = PBXFileReference; lastKnownFileType = text.plist.entitlements; path = baywatch_app.entitlements; sourceTree = "<group>"; };
		BF8DD8F629BA74040061EF01 /* main.swift */ = {isa = PBXFileReference; lastKnownFileType = sourcecode.swift; path = main.swift; sourceTree = "<group>"; };
		BF8DD8F829BA86A30061EF01 /* logo.png */ = {isa = PBXFileReference; lastKnownFileType = image.png; name = logo.png; path = src/logo.png; sourceTree = SOURCE_ROOT; };
		BFC45CC629CF2E9A000A109B /* GitCloneMenuItem.swift */ = {isa = PBXFileReference; lastKnownFileType = sourcecode.swift; path = GitCloneMenuItem.swift; sourceTree = "<group>"; };
		BFC45CC929CF2EC9000A109B /* GitMenuItem.swift */ = {isa = PBXFileReference; lastKnownFileType = sourcecode.swift; path = GitMenuItem.swift; sourceTree = "<group>"; };
		BFCF9D5829CE812F00364251 /* BaywatchMenu.swift */ = {isa = PBXFileReference; lastKnownFileType = sourcecode.swift; path = BaywatchMenu.swift; sourceTree = "<group>"; };
		BFE3930229CF677E00A9A3E3 /* ClientMenuItem.swift */ = {isa = PBXFileReference; lastKnownFileType = sourcecode.swift; path = ClientMenuItem.swift; sourceTree = "<group>"; };
		D91D2E652C98E6C000D95814 /* SettingsWindow.swift */ = {isa = PBXFileReference; lastKnownFileType = sourcecode.swift; path = SettingsWindow.swift; sourceTree = "<group>"; };
		D938EE2A2CD980C000829476 /* SelectTerminalView.swift */ = {isa = PBXFileReference; lastKnownFileType = sourcecode.swift; path = SelectTerminalView.swift; sourceTree = "<group>"; };
		D938EE2C2CD980EB00829476 /* EnableColoredTopBarIconView.swift */ = {isa = PBXFileReference; lastKnownFileType = sourcecode.swift; path = EnableColoredTopBarIconView.swift; sourceTree = "<group>"; };
		D938EE2E2CD9810B00829476 /* ResetSettingsView.swift */ = {isa = PBXFileReference; lastKnownFileType = sourcecode.swift; path = ResetSettingsView.swift; sourceTree = "<group>"; };
		D938EE302CD9812400829476 /* SelectBaywatchDotfilePathView.swift */ = {isa = PBXFileReference; lastKnownFileType = sourcecode.swift; path = SelectBaywatchDotfilePathView.swift; sourceTree = "<group>"; };
		D938EE352CDBCA1100829476 /* DefaultMenu.swift */ = {isa = PBXFileReference; lastKnownFileType = sourcecode.swift; path = DefaultMenu.swift; sourceTree = "<group>"; };
		D998989F2C97973B008E10A8 /* ClientSearchView.swift */ = {isa = PBXFileReference; lastKnownFileType = sourcecode.swift; path = ClientSearchView.swift; sourceTree = "<group>"; };
		D99898A12C97A3E2008E10A8 /* ClientSearchMenuItem.swift */ = {isa = PBXFileReference; lastKnownFileType = sourcecode.swift; path = ClientSearchMenuItem.swift; sourceTree = "<group>"; };
/* End PBXFileReference section */

/* Begin PBXFileSystemSynchronizedRootGroup section */
		D91ECEC12CD1ADD00098F2AB /* Shortcuts */ = {isa = PBXFileSystemSynchronizedRootGroup; explicitFileTypes = {}; explicitFolders = (); path = Shortcuts; sourceTree = "<group>"; };
/* End PBXFileSystemSynchronizedRootGroup section */

/* Begin PBXFrameworksBuildPhase section */
		BF8DD8DF29BA71320061EF01 /* Frameworks */ = {
			isa = PBXFrameworksBuildPhase;
			buildActionMask = 2147483647;
			files = (
				BF8DD8FC29BAA8750061EF01 /* Yams in Frameworks */,
				D91ECEC02CD1AD6A0098F2AB /* KeyboardShortcuts in Frameworks */,
			);
			runOnlyForDeploymentPostprocessing = 0;
		};
/* End PBXFrameworksBuildPhase section */

/* Begin PBXGroup section */
		BF5C23EB29BB9215009526E9 /* Utils */ = {
			isa = PBXGroup;
			children = (
				BF3AF98E29BE8DC400D7EB5A /* ClientConfig.swift */,
			);
			path = Utils;
			sourceTree = "<group>";
		};
		BF5C23EE29BB9512009526E9 /* TopBarMenu */ = {
			isa = PBXGroup;
			children = (
				D938EE342CDBC93800829476 /* Default */,
				BFE3930129CF673400A9A3E3 /* Client */,
				BFC45CC829CF2EA3000A109B /* Git */,
				BFCF9D5829CE812F00364251 /* BaywatchMenu.swift */,
			);
			path = TopBarMenu;
			sourceTree = "<group>";
		};
		BF5C23F129BBBA1E009526E9 /* dotfiles */ = {
			isa = PBXGroup;
			children = (
				BF5C23F229BBBA3C009526E9 /* dotfiles.swift */,
				BF3AF98B29BE493F00D7EB5A /* baywatch.swift */,
			);
			path = dotfiles;
			sourceTree = "<group>";
		};
		BF60225A29C76CA200B563D7 /* src */ = {
			isa = PBXGroup;
			children = (
				BF60225B29C76FEE00B563D7 /* allow_execution.png */,
				BF60225829C76AF800B563D7 /* demo.png */,
				BF60225929C76C9A00B563D7 /* logo.png */,
			);
			path = src;
			sourceTree = "<group>";
		};
		BF8DD8D929BA71310061EF01 = {
			isa = PBXGroup;
			children = (
				BF60225A29C76CA200B563D7 /* src */,
				BF60225629C7659100B563D7 /* README.md */,
				BF8DD8E429BA71320061EF01 /* baywatch */,
				BF8DD8E329BA71320061EF01 /* Products */,
			);
			sourceTree = "<group>";
		};
		BF8DD8E329BA71320061EF01 /* Products */ = {
			isa = PBXGroup;
			children = (
				BF8DD8E229BA71320061EF01 /* baywatch.dev.app */,
			);
			name = Products;
			sourceTree = "<group>";
		};
		BF8DD8E429BA71320061EF01 /* baywatch */ = {
			isa = PBXGroup;
			children = (
				BF3AF99129BEA02F00D7EB5A /* Info.plist */,
				BF8DD8F629BA74040061EF01 /* main.swift */,
				BF8DD8E529BA71320061EF01 /* AppDelegate.swift */,
				BF8DD8E729BA71320061EF01 /* ViewController.swift */,
				BF8DD8E929BA71390061EF01 /* Assets.xcassets */,
				BF8DD8EE29BA71390061EF01 /* baywatch_app.entitlements */,
				BF8DD8F829BA86A30061EF01 /* logo.png */,
				BF5C23F129BBBA1E009526E9 /* dotfiles */,
				BF5C23EE29BB9512009526E9 /* TopBarMenu */,
				D998989E2C9783BD008E10A8 /* SettingsWindow */,
				D91ECEC12CD1ADD00098F2AB /* Shortcuts */,
			);
			path = baywatch;
			sourceTree = "<group>";
		};
		BFC45CC829CF2EA3000A109B /* Git */ = {
			isa = PBXGroup;
			children = (
				BF3AF98929BDE9A400D7EB5A /* GitStatusMenuItem.swift */,
				BFC45CC629CF2E9A000A109B /* GitCloneMenuItem.swift */,
				BFC45CC929CF2EC9000A109B /* GitMenuItem.swift */,
			);
			path = Git;
			sourceTree = "<group>";
		};
		BFE3930129CF673400A9A3E3 /* Client */ = {
			isa = PBXGroup;
			children = (
				BFE3930229CF677E00A9A3E3 /* ClientMenuItem.swift */,
				D998989F2C97973B008E10A8 /* ClientSearchView.swift */,
				D99898A12C97A3E2008E10A8 /* ClientSearchMenuItem.swift */,
				BF5C23EB29BB9215009526E9 /* Utils */,
			);
			path = Client;
			sourceTree = "<group>";
		};
		D938EE342CDBC93800829476 /* Default */ = {
			isa = PBXGroup;
			children = (
				D938EE352CDBCA1100829476 /* DefaultMenu.swift */,
			);
			path = Default;
			sourceTree = "<group>";
		};
		D998989E2C9783BD008E10A8 /* SettingsWindow */ = {
			isa = PBXGroup;
			children = (
				D938EE302CD9812400829476 /* SelectBaywatchDotfilePathView.swift */,
				D938EE2E2CD9810B00829476 /* ResetSettingsView.swift */,
				D938EE2A2CD980C000829476 /* SelectTerminalView.swift */,
				D938EE2C2CD980EB00829476 /* EnableColoredTopBarIconView.swift */,
				D91D2E652C98E6C000D95814 /* SettingsWindow.swift */,
			);
			path = SettingsWindow;
			sourceTree = "<group>";
		};
/* End PBXGroup section */

/* Begin PBXNativeTarget section */
		BF8DD8E129BA71320061EF01 /* baywatch */ = {
			isa = PBXNativeTarget;
			buildConfigurationList = BF8DD8F129BA71390061EF01 /* Build configuration list for PBXNativeTarget "baywatch" */;
			buildPhases = (
				D91D2E642C98AB2700D95814 /* ShellScript */,
				BF8DD8DE29BA71320061EF01 /* Sources */,
				BF8DD8DF29BA71320061EF01 /* Frameworks */,
				BF8DD8E029BA71320061EF01 /* Resources */,
			);
			buildRules = (
			);
			dependencies = (
			);
			fileSystemSynchronizedGroups = (
				D91ECEC12CD1ADD00098F2AB /* Shortcuts */,
			);
			name = baywatch;
			packageProductDependencies = (
				BF8DD8FB29BAA8750061EF01 /* Yams */,
				D91ECEBF2CD1AD6A0098F2AB /* KeyboardShortcuts */,
			);
			productName = "baywatch-app";
			productReference = BF8DD8E229BA71320061EF01 /* baywatch.dev.app */;
			productType = "com.apple.product-type.application";
		};
/* End PBXNativeTarget section */

/* Begin PBXProject section */
		BF8DD8DA29BA71310061EF01 /* Project object */ = {
			isa = PBXProject;
			attributes = {
				BuildIndependentTargetsInParallel = 1;
				LastSwiftUpdateCheck = 1420;
				LastUpgradeCheck = 1600;
				TargetAttributes = {
					BF8DD8E129BA71320061EF01 = {
						CreatedOnToolsVersion = 14.2;
					};
				};
			};
			buildConfigurationList = BF8DD8DD29BA71310061EF01 /* Build configuration list for PBXProject "baywatch" */;
			compatibilityVersion = "Xcode 14.0";
			developmentRegion = en;
			hasScannedForEncodings = 0;
			knownRegions = (
				en,
				Base,
			);
			mainGroup = BF8DD8D929BA71310061EF01;
			packageReferences = (
				BF8DD8FA29BAA8750061EF01 /* XCRemoteSwiftPackageReference "Yams" */,
				D91ECEBE2CD1AD6A0098F2AB /* XCRemoteSwiftPackageReference "KeyboardShortcuts" */,
			);
			productRefGroup = BF8DD8E329BA71320061EF01 /* Products */;
			projectDirPath = "";
			projectRoot = "";
			targets = (
				BF8DD8E129BA71320061EF01 /* baywatch */,
			);
		};
/* End PBXProject section */

/* Begin PBXResourcesBuildPhase section */
		BF8DD8E029BA71320061EF01 /* Resources */ = {
			isa = PBXResourcesBuildPhase;
			buildActionMask = 2147483647;
			files = (
				BF8DD8EA29BA71390061EF01 /* Assets.xcassets in Resources */,
				BF8DD8F929BA86A30061EF01 /* logo.png in Resources */,
			);
			runOnlyForDeploymentPostprocessing = 0;
		};
/* End PBXResourcesBuildPhase section */

/* Begin PBXShellScriptBuildPhase section */
		D91D2E642C98AB2700D95814 /* ShellScript */ = {
			isa = PBXShellScriptBuildPhase;
			buildActionMask = 2147483647;
			files = (
			);
			inputFileListPaths = (
			);
			inputPaths = (
			);
			outputFileListPaths = (
			);
			outputPaths = (
			);
			runOnlyForDeploymentPostprocessing = 0;
			shellPath = /bin/zsh;
			shellScript = "export PATH=$PATH:/Users/thibaut/.local/bin:/Users/thibaut/.local/bin:/opt/homebrew/bin\nif which swiftlint > /dev/null; then\n  swiftlint baywatch --format --fix\nelse\n  echo \"warning: SwiftLint may not working\"\n  echo \"         If SwiftLint is not installed, download it from https://github.com/realm/SwiftLint\"\nfi\n";
		};
/* End PBXShellScriptBuildPhase section */

/* Begin PBXSourcesBuildPhase section */
		BF8DD8DE29BA71320061EF01 /* Sources */ = {
			isa = PBXSourcesBuildPhase;
			buildActionMask = 2147483647;
			files = (
				BFC45CC729CF2E9A000A109B /* GitCloneMenuItem.swift in Sources */,
				BF8DD8E829BA71320061EF01 /* ViewController.swift in Sources */,
				BFE3930329CF677E00A9A3E3 /* ClientMenuItem.swift in Sources */,
				D99898A22C97A3E2008E10A8 /* ClientSearchMenuItem.swift in Sources */,
				BF8DD8E629BA71320061EF01 /* AppDelegate.swift in Sources */,
				D938EE2F2CD9811300829476 /* ResetSettingsView.swift in Sources */,
				BF3AF98C29BE493F00D7EB5A /* baywatch.swift in Sources */,
				D91D2E662C98E6C000D95814 /* SettingsWindow.swift in Sources */,
				BFCF9D5929CE812F00364251 /* BaywatchMenu.swift in Sources */,
				BF3AF98A29BDE9A400D7EB5A /* GitStatusMenuItem.swift in Sources */,
				BF3AF98F29BE8DC400D7EB5A /* ClientConfig.swift in Sources */,
				D938EE2D2CD980F900829476 /* EnableColoredTopBarIconView.swift in Sources */,
				D938EE2B2CD980D500829476 /* SelectTerminalView.swift in Sources */,
				D99898A02C97973B008E10A8 /* ClientSearchView.swift in Sources */,
				D938EE362CDBCA1900829476 /* DefaultMenu.swift in Sources */,
				D938EE312CD9813100829476 /* SelectBaywatchDotfilePathView.swift in Sources */,
				BFC45CCA29CF2EC9000A109B /* GitMenuItem.swift in Sources */,
				BF5C23F329BBBA3C009526E9 /* dotfiles.swift in Sources */,
				BF8DD8F729BA74040061EF01 /* main.swift in Sources */,
			);
			runOnlyForDeploymentPostprocessing = 0;
		};
/* End PBXSourcesBuildPhase section */

/* Begin PBXVariantGroup section */
		BF3AF99129BEA02F00D7EB5A /* Info.plist */ = {
			isa = PBXVariantGroup;
			children = (
				BF3AF99229BEA03300D7EB5A /* en */,
			);
			name = Info.plist;
			sourceTree = "<group>";
		};
/* End PBXVariantGroup section */

/* Begin XCBuildConfiguration section */
		BF8DD8EF29BA71390061EF01 /* Debug */ = {
			isa = XCBuildConfiguration;
			buildSettings = {
				ALWAYS_SEARCH_USER_PATHS = NO;
				CLANG_ANALYZER_NONNULL = YES;
				CLANG_ANALYZER_NUMBER_OBJECT_CONVERSION = YES_AGGRESSIVE;
				CLANG_CXX_LANGUAGE_STANDARD = "gnu++20";
				CLANG_ENABLE_MODULES = YES;
				CLANG_ENABLE_OBJC_ARC = YES;
				CLANG_ENABLE_OBJC_WEAK = YES;
				CLANG_WARN_BLOCK_CAPTURE_AUTORELEASING = YES;
				CLANG_WARN_BOOL_CONVERSION = YES;
				CLANG_WARN_COMMA = YES;
				CLANG_WARN_CONSTANT_CONVERSION = YES;
				CLANG_WARN_DEPRECATED_OBJC_IMPLEMENTATIONS = YES;
				CLANG_WARN_DIRECT_OBJC_ISA_USAGE = YES_ERROR;
				CLANG_WARN_DOCUMENTATION_COMMENTS = YES;
				CLANG_WARN_EMPTY_BODY = YES;
				CLANG_WARN_ENUM_CONVERSION = YES;
				CLANG_WARN_INFINITE_RECURSION = YES;
				CLANG_WARN_INT_CONVERSION = YES;
				CLANG_WARN_NON_LITERAL_NULL_CONVERSION = YES;
				CLANG_WARN_OBJC_IMPLICIT_RETAIN_SELF = YES;
				CLANG_WARN_OBJC_LITERAL_CONVERSION = YES;
				CLANG_WARN_OBJC_ROOT_CLASS = YES_ERROR;
				CLANG_WARN_QUOTED_INCLUDE_IN_FRAMEWORK_HEADER = YES;
				CLANG_WARN_RANGE_LOOP_ANALYSIS = YES;
				CLANG_WARN_STRICT_PROTOTYPES = YES;
				CLANG_WARN_SUSPICIOUS_MOVE = YES;
				CLANG_WARN_UNGUARDED_AVAILABILITY = YES_AGGRESSIVE;
				CLANG_WARN_UNREACHABLE_CODE = YES;
				CLANG_WARN__DUPLICATE_METHOD_MATCH = YES;
				CODE_SIGN_IDENTITY = "Apple Development";
				COPY_PHASE_STRIP = NO;
				DEAD_CODE_STRIPPING = YES;
				DEBUG_INFORMATION_FORMAT = dwarf;
				DEBUG_INFORMATION_VERSION = "compiler-default";
				ENABLE_STRICT_OBJC_MSGSEND = YES;
				ENABLE_TESTABILITY = YES;
				ENABLE_USER_SCRIPT_SANDBOXING = NO;
				GCC_C_LANGUAGE_STANDARD = gnu11;
				GCC_DYNAMIC_NO_PIC = NO;
				GCC_NO_COMMON_BLOCKS = YES;
				GCC_OPTIMIZATION_LEVEL = 0;
				GCC_PREPROCESSOR_DEFINITIONS = (
					"DEBUG=1",
					"$(inherited)",
				);
				GCC_WARN_64_TO_32_BIT_CONVERSION = YES;
				GCC_WARN_ABOUT_RETURN_TYPE = YES_ERROR;
				GCC_WARN_UNDECLARED_SELECTOR = YES;
				GCC_WARN_UNINITIALIZED_AUTOS = YES_AGGRESSIVE;
				GCC_WARN_UNUSED_FUNCTION = YES;
				GCC_WARN_UNUSED_VARIABLE = YES;
				MACOSX_DEPLOYMENT_TARGET = 13.1;
				MTL_ENABLE_DEBUG_INFO = INCLUDE_SOURCE;
				MTL_FAST_MATH = YES;
				ONLY_ACTIVE_ARCH = YES;
				SDKROOT = macosx;
				SWIFT_ACTIVE_COMPILATION_CONDITIONS = DEBUG;
				SWIFT_OPTIMIZATION_LEVEL = "-Onone";
			};
			name = Debug;
		};
		BF8DD8F029BA71390061EF01 /* Release */ = {
			isa = XCBuildConfiguration;
			buildSettings = {
				ALWAYS_SEARCH_USER_PATHS = NO;
				CLANG_ANALYZER_NONNULL = YES;
				CLANG_ANALYZER_NUMBER_OBJECT_CONVERSION = YES_AGGRESSIVE;
				CLANG_CXX_LANGUAGE_STANDARD = "gnu++20";
				CLANG_ENABLE_MODULES = YES;
				CLANG_ENABLE_OBJC_ARC = YES;
				CLANG_ENABLE_OBJC_WEAK = YES;
				CLANG_WARN_BLOCK_CAPTURE_AUTORELEASING = YES;
				CLANG_WARN_BOOL_CONVERSION = YES;
				CLANG_WARN_COMMA = YES;
				CLANG_WARN_CONSTANT_CONVERSION = YES;
				CLANG_WARN_DEPRECATED_OBJC_IMPLEMENTATIONS = YES;
				CLANG_WARN_DIRECT_OBJC_ISA_USAGE = YES_ERROR;
				CLANG_WARN_DOCUMENTATION_COMMENTS = YES;
				CLANG_WARN_EMPTY_BODY = YES;
				CLANG_WARN_ENUM_CONVERSION = YES;
				CLANG_WARN_INFINITE_RECURSION = YES;
				CLANG_WARN_INT_CONVERSION = YES;
				CLANG_WARN_NON_LITERAL_NULL_CONVERSION = YES;
				CLANG_WARN_OBJC_IMPLICIT_RETAIN_SELF = YES;
				CLANG_WARN_OBJC_LITERAL_CONVERSION = YES;
				CLANG_WARN_OBJC_ROOT_CLASS = YES_ERROR;
				CLANG_WARN_QUOTED_INCLUDE_IN_FRAMEWORK_HEADER = YES;
				CLANG_WARN_RANGE_LOOP_ANALYSIS = YES;
				CLANG_WARN_STRICT_PROTOTYPES = YES;
				CLANG_WARN_SUSPICIOUS_MOVE = YES;
				CLANG_WARN_UNGUARDED_AVAILABILITY = YES_AGGRESSIVE;
				CLANG_WARN_UNREACHABLE_CODE = YES;
				CLANG_WARN__DUPLICATE_METHOD_MATCH = YES;
				CODE_SIGN_IDENTITY = "Apple Development";
				COPY_PHASE_STRIP = NO;
				DEAD_CODE_STRIPPING = YES;
				DEBUG_INFORMATION_FORMAT = dwarf;
				DEBUG_INFORMATION_VERSION = "compiler-default";
				ENABLE_NS_ASSERTIONS = NO;
				ENABLE_STRICT_OBJC_MSGSEND = YES;
				ENABLE_USER_SCRIPT_SANDBOXING = NO;
				GCC_C_LANGUAGE_STANDARD = gnu11;
				GCC_NO_COMMON_BLOCKS = YES;
				GCC_WARN_64_TO_32_BIT_CONVERSION = YES;
				GCC_WARN_ABOUT_RETURN_TYPE = YES_ERROR;
				GCC_WARN_UNDECLARED_SELECTOR = YES;
				GCC_WARN_UNINITIALIZED_AUTOS = YES_AGGRESSIVE;
				GCC_WARN_UNUSED_FUNCTION = YES;
				GCC_WARN_UNUSED_VARIABLE = YES;
				MACOSX_DEPLOYMENT_TARGET = 13.1;
				MTL_ENABLE_DEBUG_INFO = NO;
				MTL_FAST_MATH = YES;
				SDKROOT = macosx;
				SWIFT_COMPILATION_MODE = wholemodule;
				SWIFT_OPTIMIZATION_LEVEL = "-O";
			};
			name = Release;
		};
		BF8DD8F229BA71390061EF01 /* Debug */ = {
			isa = XCBuildConfiguration;
			buildSettings = {
				ASSETCATALOG_COMPILER_APPICON_NAME = AppIcon;
				ASSETCATALOG_COMPILER_GLOBAL_ACCENT_COLOR_NAME = AccentColor;
				CODE_SIGN_ENTITLEMENTS = baywatch/baywatch_app.entitlements;
				"CODE_SIGN_IDENTITY[sdk=macosx*]" = "-";
				CODE_SIGN_STYLE = Automatic;
				COMBINE_HIDPI_IMAGES = YES;
				CURRENT_PROJECT_VERSION = 1;
				DEAD_CODE_STRIPPING = YES;
				DEVELOPMENT_TEAM = SNCB2DMGN2;
				ENABLE_APP_SANDBOX = NO;
				ENABLE_HARDENED_RUNTIME = YES;
				ENABLE_USER_SCRIPT_SANDBOXING = NO;
				GENERATE_INFOPLIST_FILE = YES;
				INFOPLIST_FILE = baywatch/Info.plist;
				INFOPLIST_KEY_LSApplicationCategoryType = NO;
				INFOPLIST_KEY_LSUIElement = YES;
				INFOPLIST_KEY_NSAppleEventsUsageDescription = all;
				INFOPLIST_KEY_NSHumanReadableCopyright = "";
				INFOPLIST_KEY_NSMainStoryboardFile = "";
				INFOPLIST_KEY_NSPrincipalClass = NSApplication;
				LD_RUNPATH_SEARCH_PATHS = (
					"$(inherited)",
					"@executable_path/../Frameworks",
				);
				MARKETING_VERSION = 1.0;
				PRODUCT_BUNDLE_IDENTIFIER = com.padok.baywatch.dev;
				PRODUCT_NAME = "$(TARGET_NAME).dev";
				SWIFT_EMIT_LOC_STRINGS = YES;
				SWIFT_VERSION = 5.0;
			};
			name = Debug;
		};
		BF8DD8F329BA71390061EF01 /* Release */ = {
			isa = XCBuildConfiguration;
			buildSettings = {
				ASSETCATALOG_COMPILER_APPICON_NAME = AppIcon;
				ASSETCATALOG_COMPILER_GLOBAL_ACCENT_COLOR_NAME = AccentColor;
				CODE_SIGN_ENTITLEMENTS = baywatch/baywatch_app.entitlements;
				"CODE_SIGN_IDENTITY[sdk=macosx*]" = "-";
				CODE_SIGN_STYLE = Automatic;
				COMBINE_HIDPI_IMAGES = YES;
				CURRENT_PROJECT_VERSION = 1;
				DEAD_CODE_STRIPPING = YES;
				DEVELOPMENT_TEAM = SNCB2DMGN2;
				ENABLE_APP_SANDBOX = NO;
				ENABLE_HARDENED_RUNTIME = YES;
				ENABLE_USER_SCRIPT_SANDBOXING = NO;
				GENERATE_INFOPLIST_FILE = YES;
				INFOPLIST_FILE = baywatch/Info.plist;
				INFOPLIST_KEY_LSApplicationCategoryType = NO;
				INFOPLIST_KEY_LSUIElement = YES;
				INFOPLIST_KEY_NSAppleEventsUsageDescription = all;
				INFOPLIST_KEY_NSHumanReadableCopyright = "";
				INFOPLIST_KEY_NSMainStoryboardFile = "";
				INFOPLIST_KEY_NSPrincipalClass = NSApplication;
				LD_RUNPATH_SEARCH_PATHS = (
					"$(inherited)",
					"@executable_path/../Frameworks",
				);
				MARKETING_VERSION = 1.0;
				PRODUCT_BUNDLE_IDENTIFIER = com.padok.baywatch;
				PRODUCT_NAME = "$(TARGET_NAME)";
				SWIFT_EMIT_LOC_STRINGS = YES;
				SWIFT_VERSION = 5.0;
			};
			name = Release;
		};
/* End XCBuildConfiguration section */

/* Begin XCConfigurationList section */
		BF8DD8DD29BA71310061EF01 /* Build configuration list for PBXProject "baywatch" */ = {
			isa = XCConfigurationList;
			buildConfigurations = (
				BF8DD8EF29BA71390061EF01 /* Debug */,
				BF8DD8F029BA71390061EF01 /* Release */,
			);
			defaultConfigurationIsVisible = 0;
			defaultConfigurationName = Release;
		};
		BF8DD8F129BA71390061EF01 /* Build configuration list for PBXNativeTarget "baywatch" */ = {
			isa = XCConfigurationList;
			buildConfigurations = (
				BF8DD8F229BA71390061EF01 /* Debug */,
				BF8DD8F329BA71390061EF01 /* Release */,
			);
			defaultConfigurationIsVisible = 0;
			defaultConfigurationName = Release;
		};
/* End XCConfigurationList section */

/* Begin XCRemoteSwiftPackageReference section */
		BF8DD8FA29BAA8750061EF01 /* XCRemoteSwiftPackageReference "Yams" */ = {
			isa = XCRemoteSwiftPackageReference;
			repositoryURL = "https://github.com/jpsim/Yams.git";
			requirement = {
				kind = upToNextMajorVersion;
				minimumVersion = 5.0.5;
			};
		};
		D91ECEBE2CD1AD6A0098F2AB /* XCRemoteSwiftPackageReference "KeyboardShortcuts" */ = {
			isa = XCRemoteSwiftPackageReference;
			repositoryURL = "https://github.com/sindresorhus/KeyboardShortcuts";
			requirement = {
				kind = upToNextMajorVersion;
				minimumVersion = 2.2.1;
			};
		};
/* End XCRemoteSwiftPackageReference section */

/* Begin XCSwiftPackageProductDependency section */
		BF8DD8FB29BAA8750061EF01 /* Yams */ = {
			isa = XCSwiftPackageProductDependency;
			package = BF8DD8FA29BAA8750061EF01 /* XCRemoteSwiftPackageReference "Yams" */;
			productName = Yams;
		};
		D91ECEBF2CD1AD6A0098F2AB /* KeyboardShortcuts */ = {
			isa = XCSwiftPackageProductDependency;
			package = D91ECEBE2CD1AD6A0098F2AB /* XCRemoteSwiftPackageReference "KeyboardShortcuts" */;
			productName = KeyboardShortcuts;
		};
/* End XCSwiftPackageProductDependency section */
	};
	rootObject = BF8DD8DA29BA71310061EF01 /* Project object */;
}
